
Microsoft Visual Studio Solution File, Format Version 12.00
# Visual Studio Version 16
VisualStudioVersion = 16.0.28917.181
MinimumVisualStudioVersion = 10.0.40219.1
Project("{2150E333-8FDC-42A3-9474-1A3956D46DE8}") = "1 - Service", "1 - Service", "{F53DE60D-7D5A-414E-B5E2-337BE95A8D3B}"
EndProject
Project("{2150E333-8FDC-42A3-9474-1A3956D46DE8}") = "3 - Domain", "3 - Domain", "{35B2CDDC-E6B8-4293-81AB-DD84532007CB}"
EndProject
Project("{2150E333-8FDC-42A3-9474-1A3956D46DE8}") = "4 - Infra", "4 - Infra", "{6CB468CA-C249-4128-A767-ABFAA9C8284B}"
EndProject
Project("{2150E333-8FDC-42A3-9474-1A3956D46DE8}") = "4.2 - CrossCutting", "4.2 - CrossCutting", "{44D2D86B-046F-4ECC-B703-5E65E1A26E0E}"
EndProject
Project("{2150E333-8FDC-42A3-9474-1A3956D46DE8}") = "4.1 - Data", "4.1 - Data", "{B592F313-F830-44A3-B8CB-DC6FF5A5C432}"
EndProject
Project("{2150E333-8FDC-42A3-9474-1A3956D46DE8}") = "2 - Application", "2 - Application", "{415C287B-843F-48E5-9183-826ACA726198}"
EndProject
Project("{9A19103F-16F7-4668-BE54-9A1E7A4F7556}") = "MeetingManager.Application", "MeetingManager.Application\MeetingManager.Application.csproj", "{19D0A436-7C6E-4466-9FDE-FF268294A81A}"
	ProjectSection(ProjectDependencies) = postProject
		{0924716A-9032-4AB0-8E45-A88A69AD2A4B} = {0924716A-9032-4AB0-8E45-A88A69AD2A4B}
	EndProjectSection
EndProject
Project("{9A19103F-16F7-4668-BE54-9A1E7A4F7556}") = "MeetingManager.Domain", "MeetingManager.Domain\MeetingManager.Domain.csproj", "{70AD3290-565D-43E5-9BBA-C70F1C251DB9}"
EndProject
Project("{9A19103F-16F7-4668-BE54-9A1E7A4F7556}") = "MeetingManager.Infra.Data", "MeetingManager.Infra.Data\MeetingManager.Infra.Data.csproj", "{4D4F897A-D25C-4B84-97AA-4599AB472818}"
EndProject
Project("{9A19103F-16F7-4668-BE54-9A1E7A4F7556}") = "MeetingManager.Service.Api", "MeetingManager.Service.Api\MeetingManager.Service.Api.csproj", "{B081470A-6D2A-4995-9803-EC2F7C1C196F}"
EndProject
Project("{9A19103F-16F7-4668-BE54-9A1E7A4F7556}") = "MeetingManager.Infra.CC.EventBus", "MeetingManager.Infra.CC.EventBus\MeetingManager.Infra.CC.EventBus.csproj", "{C3997405-E870-4225-A7FA-CFCC1A33B411}"
EndProject
Project("{9A19103F-16F7-4668-BE54-9A1E7A4F7556}") = "MeetingManager.Infra.CC.Ioc", "MeetingManager.Infra.CC.Ioc\MeetingManager.Infra.CC.Ioc.csproj", "{0924716A-9032-4AB0-8E45-A88A69AD2A4B}"
EndProject
Project("{E53339B2-1760-4266-BCC7-CA923CBCF16C}") = "docker-compose", "docker-compose.dcproj", "{1837BD22-2B69-483C-9714-984B0115D583}"
EndProject
Project("{2150E333-8FDC-42A3-9474-1A3956D46DE8}") = "5 - Tests", "5 - Tests", "{1104EE73-AE42-4FD4-9D4C-835D58A49810}"
EndProject
Project("{FAE04EC0-301F-11D3-BF4B-00C04F79EFBC}") = "MeetingManager.Tests", "..\MeetingManager.Tests\MeetingManager.Tests.csproj", "{5B528F1E-84A7-46AE-A3A2-F3BC91ED1F61}"
EndProject
Global
	GlobalSection(SolutionConfigurationPlatforms) = preSolution
		Debug|Any CPU = Debug|Any CPU
		Release|Any CPU = Release|Any CPU
	EndGlobalSection
	GlobalSection(ProjectConfigurationPlatforms) = postSolution
		{19D0A436-7C6E-4466-9FDE-FF268294A81A}.Debug|Any CPU.ActiveCfg = Debug|Any CPU
		{19D0A436-7C6E-4466-9FDE-FF268294A81A}.Debug|Any CPU.Build.0 = Debug|Any CPU
		{19D0A436-7C6E-4466-9FDE-FF268294A81A}.Release|Any CPU.ActiveCfg = Release|Any CPU
		{19D0A436-7C6E-4466-9FDE-FF268294A81A}.Release|Any CPU.Build.0 = Release|Any CPU
		{70AD3290-565D-43E5-9BBA-C70F1C251DB9}.Debug|Any CPU.ActiveCfg = Debug|Any CPU
		{70AD3290-565D-43E5-9BBA-C70F1C251DB9}.Debug|Any CPU.Build.0 = Debug|Any CPU
		{70AD3290-565D-43E5-9BBA-C70F1C251DB9}.Release|Any CPU.ActiveCfg = Release|Any CPU
		{70AD3290-565D-43E5-9BBA-C70F1C251DB9}.Release|Any CPU.Build.0 = Release|Any CPU
		{4D4F897A-D25C-4B84-97AA-4599AB472818}.Debug|Any CPU.ActiveCfg = Debug|Any CPU
		{4D4F897A-D25C-4B84-97AA-4599AB472818}.Debug|Any CPU.Build.0 = Debug|Any CPU
		{4D4F897A-D25C-4B84-97AA-4599AB472818}.Release|Any CPU.ActiveCfg = Release|Any CPU
		{4D4F897A-D25C-4B84-97AA-4599AB472818}.Release|Any CPU.Build.0 = Release|Any CPU
		{B081470A-6D2A-4995-9803-EC2F7C1C196F}.Debug|Any CPU.ActiveCfg = Debug|Any CPU
		{B081470A-6D2A-4995-9803-EC2F7C1C196F}.Debug|Any CPU.Build.0 = Debug|Any CPU
		{B081470A-6D2A-4995-9803-EC2F7C1C196F}.Release|Any CPU.ActiveCfg = Release|Any CPU
		{B081470A-6D2A-4995-9803-EC2F7C1C196F}.Release|Any CPU.Build.0 = Release|Any CPU
		{C3997405-E870-4225-A7FA-CFCC1A33B411}.Debug|Any CPU.ActiveCfg = Debug|Any CPU
		{C3997405-E870-4225-A7FA-CFCC1A33B411}.Debug|Any CPU.Build.0 = Debug|Any CPU
		{C3997405-E870-4225-A7FA-CFCC1A33B411}.Release|Any CPU.ActiveCfg = Release|Any CPU
		{C3997405-E870-4225-A7FA-CFCC1A33B411}.Release|Any CPU.Build.0 = Release|Any CPU
		{0924716A-9032-4AB0-8E45-A88A69AD2A4B}.Debug|Any CPU.ActiveCfg = Debug|Any CPU
		{0924716A-9032-4AB0-8E45-A88A69AD2A4B}.Debug|Any CPU.Build.0 = Debug|Any CPU
		{0924716A-9032-4AB0-8E45-A88A69AD2A4B}.Release|Any CPU.ActiveCfg = Release|Any CPU
		{0924716A-9032-4AB0-8E45-A88A69AD2A4B}.Release|Any CPU.Build.0 = Release|Any CPU
		{1837BD22-2B69-483C-9714-984B0115D583}.Debug|Any CPU.ActiveCfg = Debug|Any CPU
		{1837BD22-2B69-483C-9714-984B0115D583}.Debug|Any CPU.Build.0 = Debug|Any CPU
		{1837BD22-2B69-483C-9714-984B0115D583}.Release|Any CPU.ActiveCfg = Release|Any CPU
		{1837BD22-2B69-483C-9714-984B0115D583}.Release|Any CPU.Build.0 = Release|Any CPU
		{5B528F1E-84A7-46AE-A3A2-F3BC91ED1F61}.Debug|Any CPU.ActiveCfg = Debug|Any CPU
		{5B528F1E-84A7-46AE-A3A2-F3BC91ED1F61}.Debug|Any CPU.Build.0 = Debug|Any CPU
		{5B528F1E-84A7-46AE-A3A2-F3BC91ED1F61}.Release|Any CPU.ActiveCfg = Release|Any CPU
		{5B528F1E-84A7-46AE-A3A2-F3BC91ED1F61}.Release|Any CPU.Build.0 = Release|Any CPU
	EndGlobalSection
	GlobalSection(SolutionProperties) = preSolution
		HideSolutionNode = FALSE
	EndGlobalSection
	GlobalSection(NestedProjects) = preSolution
		{44D2D86B-046F-4ECC-B703-5E65E1A26E0E} = {6CB468CA-C249-4128-A767-ABFAA9C8284B}
		{B592F313-F830-44A3-B8CB-DC6FF5A5C432} = {6CB468CA-C249-4128-A767-ABFAA9C8284B}
		{19D0A436-7C6E-4466-9FDE-FF268294A81A} = {415C287B-843F-48E5-9183-826ACA726198}
		{70AD3290-565D-43E5-9BBA-C70F1C251DB9} = {35B2CDDC-E6B8-4293-81AB-DD84532007CB}
		{4D4F897A-D25C-4B84-97AA-4599AB472818} = {B592F313-F830-44A3-B8CB-DC6FF5A5C432}
		{B081470A-6D2A-4995-9803-EC2F7C1C196F} = {F53DE60D-7D5A-414E-B5E2-337BE95A8D3B}
		{C3997405-E870-4225-A7FA-CFCC1A33B411} = {44D2D86B-046F-4ECC-B703-5E65E1A26E0E}
		{0924716A-9032-4AB0-8E45-A88A69AD2A4B} = {44D2D86B-046F-4ECC-B703-5E65E1A26E0E}
		{5B528F1E-84A7-46AE-A3A2-F3BC91ED1F61} = {1104EE73-AE42-4FD4-9D4C-835D58A49810}
	EndGlobalSection
	GlobalSection(ExtensibilityGlobals) = postSolution
		SolutionGuid = {4C139139-5FF2-4B87-9B9D-4ADC5E1F21B9}
	EndGlobalSection
EndGlobal
